
Microsoft Visual Studio Solution File, Format Version 12.00
# Visual Studio 14
VisualStudioVersion = 14.0.25420.1
MinimumVisualStudioVersion = 10.0.40219.1
Project("{FAE04EC0-301F-11D3-BF4B-00C04F79EFBC}") = "Poke.AperUber.Android", "Poke.AperUber\Poke.AperUber.Android\Poke.AperUber.Android.csproj", "{5163ED89-A975-48A2-AE11-C84F2DEECF9C}"
EndProject
Project("{FAE04EC0-301F-11D3-BF4B-00C04F79EFBC}") = "Poke.AperUber", "Poke.AperUber\Poke.AperUber\Poke.AperUber.csproj", "{32017C93-7B6B-4274-A909-33DB6145E080}"
EndProject
Project("{FAE04EC0-301F-11D3-BF4B-00C04F79EFBC}") = "Poke.AperUber.UWP", "Poke.AperUber\Poke.AperUber.UWP\Poke.AperUber.UWP.csproj", "{FEF5D7F9-5E94-460E-8CE8-263353981969}"
EndProject
Project("{FAE04EC0-301F-11D3-BF4B-00C04F79EFBC}") = "Poke.AperUber.iOS", "Poke.AperUber\Poke.AperUber.iOS\Poke.AperUber.iOS.csproj", "{8B838C15-A5FA-4DF2-BD36-5EF8338A5343}"
EndProject
Global
	GlobalSection(SolutionConfigurationPlatforms) = preSolution
		Ad-Hoc|Any CPU = Ad-Hoc|Any CPU
		Ad-Hoc|ARM = Ad-Hoc|ARM
		Ad-Hoc|iPhone = Ad-Hoc|iPhone
		Ad-Hoc|iPhoneSimulator = Ad-Hoc|iPhoneSimulator
		Ad-Hoc|x64 = Ad-Hoc|x64
		Ad-Hoc|x86 = Ad-Hoc|x86
		AppStore|Any CPU = AppStore|Any CPU
		AppStore|ARM = AppStore|ARM
		AppStore|iPhone = AppStore|iPhone
		AppStore|iPhoneSimulator = AppStore|iPhoneSimulator
		AppStore|x64 = AppStore|x64
		AppStore|x86 = AppStore|x86
		Debug|Any CPU = Debug|Any CPU
		Debug|ARM = Debug|ARM
		Debug|iPhone = Debug|iPhone
		Debug|iPhoneSimulator = Debug|iPhoneSimulator
		Debug|x64 = Debug|x64
		Debug|x86 = Debug|x86
		Release|Any CPU = Release|Any CPU
		Release|ARM = Release|ARM
		Release|iPhone = Release|iPhone
		Release|iPhoneSimulator = Release|iPhoneSimulator
		Release|x64 = Release|x64
		Release|x86 = Release|x86
	EndGlobalSection
	GlobalSection(ProjectConfigurationPlatforms) = postSolution
		{5163ED89-A975-48A2-AE11-C84F2DEECF9C}.Ad-Hoc|Any CPU.ActiveCfg = Release|Any CPU
		{5163ED89-A975-48A2-AE11-C84F2DEECF9C}.Ad-Hoc|Any CPU.Build.0 = Release|Any CPU
		{5163ED89-A975-48A2-AE11-C84F2DEECF9C}.Ad-Hoc|Any CPU.Deploy.0 = Release|Any CPU
		{5163ED89-A975-48A2-AE11-C84F2DEECF9C}.Ad-Hoc|ARM.ActiveCfg = Release|Any CPU
		{5163ED89-A975-48A2-AE11-C84F2DEECF9C}.Ad-Hoc|ARM.Build.0 = Release|Any CPU
		{5163ED89-A975-48A2-AE11-C84F2DEECF9C}.Ad-Hoc|ARM.Deploy.0 = Release|Any CPU
		{5163ED89-A975-48A2-AE11-C84F2DEECF9C}.Ad-Hoc|iPhone.ActiveCfg = Release|Any CPU
		{5163ED89-A975-48A2-AE11-C84F2DEECF9C}.Ad-Hoc|iPhone.Build.0 = Release|Any CPU
		{5163ED89-A975-48A2-AE11-C84F2DEECF9C}.Ad-Hoc|iPhone.Deploy.0 = Release|Any CPU
		{5163ED89-A975-48A2-AE11-C84F2DEECF9C}.Ad-Hoc|iPhoneSimulator.ActiveCfg = Release|Any CPU
		{5163ED89-A975-48A2-AE11-C84F2DEECF9C}.Ad-Hoc|iPhoneSimulator.Build.0 = Release|Any CPU
		{5163ED89-A975-48A2-AE11-C84F2DEECF9C}.Ad-Hoc|iPhoneSimulator.Deploy.0 = Release|Any CPU
		{5163ED89-A975-48A2-AE11-C84F2DEECF9C}.Ad-Hoc|x64.ActiveCfg = Release|Any CPU
		{5163ED89-A975-48A2-AE11-C84F2DEECF9C}.Ad-Hoc|x64.Build.0 = Release|Any CPU
		{5163ED89-A975-48A2-AE11-C84F2DEECF9C}.Ad-Hoc|x64.Deploy.0 = Release|Any CPU
		{5163ED89-A975-48A2-AE11-C84F2DEECF9C}.Ad-Hoc|x86.ActiveCfg = Release|Any CPU
		{5163ED89-A975-48A2-AE11-C84F2DEECF9C}.Ad-Hoc|x86.Build.0 = Release|Any CPU
		{5163ED89-A975-48A2-AE11-C84F2DEECF9C}.Ad-Hoc|x86.Deploy.0 = Release|Any CPU
		{5163ED89-A975-48A2-AE11-C84F2DEECF9C}.AppStore|Any CPU.ActiveCfg = Release|Any CPU
		{5163ED89-A975-48A2-AE11-C84F2DEECF9C}.AppStore|Any CPU.Build.0 = Release|Any CPU
		{5163ED89-A975-48A2-AE11-C84F2DEECF9C}.AppStore|Any CPU.Deploy.0 = Release|Any CPU
		{5163ED89-A975-48A2-AE11-C84F2DEECF9C}.AppStore|ARM.ActiveCfg = Release|Any CPU
		{5163ED89-A975-48A2-AE11-C84F2DEECF9C}.AppStore|ARM.Build.0 = Release|Any CPU
		{5163ED89-A975-48A2-AE11-C84F2DEECF9C}.AppStore|ARM.Deploy.0 = Release|Any CPU
		{5163ED89-A975-48A2-AE11-C84F2DEECF9C}.AppStore|iPhone.ActiveCfg = Release|Any CPU
		{5163ED89-A975-48A2-AE11-C84F2DEECF9C}.AppStore|iPhone.Build.0 = Release|Any CPU
		{5163ED89-A975-48A2-AE11-C84F2DEECF9C}.AppStore|iPhone.Deploy.0 = Release|Any CPU
		{5163ED89-A975-48A2-AE11-C84F2DEECF9C}.AppStore|iPhoneSimulator.ActiveCfg = Release|Any CPU
		{5163ED89-A975-48A2-AE11-C84F2DEECF9C}.AppStore|iPhoneSimulator.Build.0 = Release|Any CPU
		{5163ED89-A975-48A2-AE11-C84F2DEECF9C}.AppStore|iPhoneSimulator.Deploy.0 = Release|Any CPU
		{5163ED89-A975-48A2-AE11-C84F2DEECF9C}.AppStore|x64.ActiveCfg = Release|Any CPU
		{5163ED89-A975-48A2-AE11-C84F2DEECF9C}.AppStore|x64.Build.0 = Release|Any CPU
		{5163ED89-A975-48A2-AE11-C84F2DEECF9C}.AppStore|x64.Deploy.0 = Release|Any CPU
		{5163ED89-A975-48A2-AE11-C84F2DEECF9C}.AppStore|x86.ActiveCfg = Release|Any CPU
		{5163ED89-A975-48A2-AE11-C84F2DEECF9C}.AppStore|x86.Build.0 = Release|Any CPU
		{5163ED89-A975-48A2-AE11-C84F2DEECF9C}.AppStore|x86.Deploy.0 = Release|Any CPU
		{5163ED89-A975-48A2-AE11-C84F2DEECF9C}.Debug|Any CPU.ActiveCfg = Debug|Any CPU
		{5163ED89-A975-48A2-AE11-C84F2DEECF9C}.Debug|Any CPU.Build.0 = Debug|Any CPU
		{5163ED89-A975-48A2-AE11-C84F2DEECF9C}.Debug|Any CPU.Deploy.0 = Debug|Any CPU
		{5163ED89-A975-48A2-AE11-C84F2DEECF9C}.Debug|ARM.ActiveCfg = Debug|Any CPU
		{5163ED89-A975-48A2-AE11-C84F2DEECF9C}.Debug|ARM.Build.0 = Debug|Any CPU
		{5163ED89-A975-48A2-AE11-C84F2DEECF9C}.Debug|ARM.Deploy.0 = Debug|Any CPU
		{5163ED89-A975-48A2-AE11-C84F2DEECF9C}.Debug|iPhone.ActiveCfg = Debug|Any CPU
		{5163ED89-A975-48A2-AE11-C84F2DEECF9C}.Debug|iPhone.Build.0 = Debug|Any CPU
		{5163ED89-A975-48A2-AE11-C84F2DEECF9C}.Debug|iPhone.Deploy.0 = Debug|Any CPU
		{5163ED89-A975-48A2-AE11-C84F2DEECF9C}.Debug|iPhoneSimulator.ActiveCfg = Debug|Any CPU
		{5163ED89-A975-48A2-AE11-C84F2DEECF9C}.Debug|iPhoneSimulator.Build.0 = Debug|Any CPU
		{5163ED89-A975-48A2-AE11-C84F2DEECF9C}.Debug|iPhoneSimulator.Deploy.0 = Debug|Any CPU
		{5163ED89-A975-48A2-AE11-C84F2DEECF9C}.Debug|x64.ActiveCfg = Debug|Any CPU
		{5163ED89-A975-48A2-AE11-C84F2DEECF9C}.Debug|x64.Build.0 = Debug|Any CPU
		{5163ED89-A975-48A2-AE11-C84F2DEECF9C}.Debug|x64.Deploy.0 = Debug|Any CPU
		{5163ED89-A975-48A2-AE11-C84F2DEECF9C}.Debug|x86.ActiveCfg = Debug|Any CPU
		{5163ED89-A975-48A2-AE11-C84F2DEECF9C}.Debug|x86.Build.0 = Debug|Any CPU
		{5163ED89-A975-48A2-AE11-C84F2DEECF9C}.Debug|x86.Deploy.0 = Debug|Any CPU
		{5163ED89-A975-48A2-AE11-C84F2DEECF9C}.Release|Any CPU.ActiveCfg = Release|Any CPU
		{5163ED89-A975-48A2-AE11-C84F2DEECF9C}.Release|Any CPU.Build.0 = Release|Any CPU
		{5163ED89-A975-48A2-AE11-C84F2DEECF9C}.Release|Any CPU.Deploy.0 = Release|Any CPU
		{5163ED89-A975-48A2-AE11-C84F2DEECF9C}.Release|ARM.ActiveCfg = Release|Any CPU
		{5163ED89-A975-48A2-AE11-C84F2DEECF9C}.Release|ARM.Build.0 = Release|Any CPU
		{5163ED89-A975-48A2-AE11-C84F2DEECF9C}.Release|ARM.Deploy.0 = Release|Any CPU
		{5163ED89-A975-48A2-AE11-C84F2DEECF9C}.Release|iPhone.ActiveCfg = Release|Any CPU
		{5163ED89-A975-48A2-AE11-C84F2DEECF9C}.Release|iPhone.Build.0 = Release|Any CPU
		{5163ED89-A975-48A2-AE11-C84F2DEECF9C}.Release|iPhone.Deploy.0 = Release|Any CPU
		{5163ED89-A975-48A2-AE11-C84F2DEECF9C}.Release|iPhoneSimulator.ActiveCfg = Release|Any CPU
		{5163ED89-A975-48A2-AE11-C84F2DEECF9C}.Release|iPhoneSimulator.Build.0 = Release|Any CPU
		{5163ED89-A975-48A2-AE11-C84F2DEECF9C}.Release|iPhoneSimulator.Deploy.0 = Release|Any CPU
		{5163ED89-A975-48A2-AE11-C84F2DEECF9C}.Release|x64.ActiveCfg = Release|Any CPU
		{5163ED89-A975-48A2-AE11-C84F2DEECF9C}.Release|x64.Build.0 = Release|Any CPU
		{5163ED89-A975-48A2-AE11-C84F2DEECF9C}.Release|x64.Deploy.0 = Release|Any CPU
		{5163ED89-A975-48A2-AE11-C84F2DEECF9C}.Release|x86.ActiveCfg = Release|Any CPU
		{5163ED89-A975-48A2-AE11-C84F2DEECF9C}.Release|x86.Build.0 = Release|Any CPU
		{5163ED89-A975-48A2-AE11-C84F2DEECF9C}.Release|x86.Deploy.0 = Release|Any CPU
		{32017C93-7B6B-4274-A909-33DB6145E080}.Ad-Hoc|Any CPU.ActiveCfg = Release|Any CPU
		{32017C93-7B6B-4274-A909-33DB6145E080}.Ad-Hoc|Any CPU.Build.0 = Release|Any CPU
		{32017C93-7B6B-4274-A909-33DB6145E080}.Ad-Hoc|ARM.ActiveCfg = Release|Any CPU
		{32017C93-7B6B-4274-A909-33DB6145E080}.Ad-Hoc|ARM.Build.0 = Release|Any CPU
		{32017C93-7B6B-4274-A909-33DB6145E080}.Ad-Hoc|iPhone.ActiveCfg = Release|Any CPU
		{32017C93-7B6B-4274-A909-33DB6145E080}.Ad-Hoc|iPhone.Build.0 = Release|Any CPU
		{32017C93-7B6B-4274-A909-33DB6145E080}.Ad-Hoc|iPhoneSimulator.ActiveCfg = Release|Any CPU
		{32017C93-7B6B-4274-A909-33DB6145E080}.Ad-Hoc|iPhoneSimulator.Build.0 = Release|Any CPU
		{32017C93-7B6B-4274-A909-33DB6145E080}.Ad-Hoc|x64.ActiveCfg = Release|Any CPU
		{32017C93-7B6B-4274-A909-33DB6145E080}.Ad-Hoc|x64.Build.0 = Release|Any CPU
		{32017C93-7B6B-4274-A909-33DB6145E080}.Ad-Hoc|x86.ActiveCfg = Release|Any CPU
		{32017C93-7B6B-4274-A909-33DB6145E080}.Ad-Hoc|x86.Build.0 = Release|Any CPU
		{32017C93-7B6B-4274-A909-33DB6145E080}.AppStore|Any CPU.ActiveCfg = Release|Any CPU
		{32017C93-7B6B-4274-A909-33DB6145E080}.AppStore|Any CPU.Build.0 = Release|Any CPU
		{32017C93-7B6B-4274-A909-33DB6145E080}.AppStore|ARM.ActiveCfg = Release|Any CPU
		{32017C93-7B6B-4274-A909-33DB6145E080}.AppStore|ARM.Build.0 = Release|Any CPU
		{32017C93-7B6B-4274-A909-33DB6145E080}.AppStore|iPhone.ActiveCfg = Release|Any CPU
		{32017C93-7B6B-4274-A909-33DB6145E080}.AppStore|iPhone.Build.0 = Release|Any CPU
		{32017C93-7B6B-4274-A909-33DB6145E080}.AppStore|iPhoneSimulator.ActiveCfg = Release|Any CPU
		{32017C93-7B6B-4274-A909-33DB6145E080}.AppStore|iPhoneSimulator.Build.0 = Release|Any CPU
		{32017C93-7B6B-4274-A909-33DB6145E080}.AppStore|x64.ActiveCfg = Release|Any CPU
		{32017C93-7B6B-4274-A909-33DB6145E080}.AppStore|x64.Build.0 = Release|Any CPU
		{32017C93-7B6B-4274-A909-33DB6145E080}.AppStore|x86.ActiveCfg = Release|Any CPU
		{32017C93-7B6B-4274-A909-33DB6145E080}.AppStore|x86.Build.0 = Release|Any CPU
		{32017C93-7B6B-4274-A909-33DB6145E080}.Debug|Any CPU.ActiveCfg = Debug|Any CPU
		{32017C93-7B6B-4274-A909-33DB6145E080}.Debug|Any CPU.Build.0 = Debug|Any CPU
		{32017C93-7B6B-4274-A909-33DB6145E080}.Debug|ARM.ActiveCfg = Debug|Any CPU
		{32017C93-7B6B-4274-A909-33DB6145E080}.Debug|ARM.Build.0 = Debug|Any CPU
		{32017C93-7B6B-4274-A909-33DB6145E080}.Debug|iPhone.ActiveCfg = Debug|Any CPU
		{32017C93-7B6B-4274-A909-33DB6145E080}.Debug|iPhone.Build.0 = Debug|Any CPU
		{32017C93-7B6B-4274-A909-33DB6145E080}.Debug|iPhoneSimulator.ActiveCfg = Debug|Any CPU
		{32017C93-7B6B-4274-A909-33DB6145E080}.Debug|iPhoneSimulator.Build.0 = Debug|Any CPU
		{32017C93-7B6B-4274-A909-33DB6145E080}.Debug|x64.ActiveCfg = Debug|Any CPU
		{32017C93-7B6B-4274-A909-33DB6145E080}.Debug|x64.Build.0 = Debug|Any CPU
		{32017C93-7B6B-4274-A909-33DB6145E080}.Debug|x86.ActiveCfg = Debug|Any CPU
		{32017C93-7B6B-4274-A909-33DB6145E080}.Debug|x86.Build.0 = Debug|Any CPU
		{32017C93-7B6B-4274-A909-33DB6145E080}.Release|Any CPU.ActiveCfg = Release|Any CPU
		{32017C93-7B6B-4274-A909-33DB6145E080}.Release|Any CPU.Build.0 = Release|Any CPU
		{32017C93-7B6B-4274-A909-33DB6145E080}.Release|ARM.ActiveCfg = Release|Any CPU
		{32017C93-7B6B-4274-A909-33DB6145E080}.Release|ARM.Build.0 = Release|Any CPU
		{32017C93-7B6B-4274-A909-33DB6145E080}.Release|iPhone.ActiveCfg = Release|Any CPU
		{32017C93-7B6B-4274-A909-33DB6145E080}.Release|iPhone.Build.0 = Release|Any CPU
		{32017C93-7B6B-4274-A909-33DB6145E080}.Release|iPhoneSimulator.ActiveCfg = Release|Any CPU
		{32017C93-7B6B-4274-A909-33DB6145E080}.Release|iPhoneSimulator.Build.0 = Release|Any CPU
		{32017C93-7B6B-4274-A909-33DB6145E080}.Release|x64.ActiveCfg = Release|Any CPU
		{32017C93-7B6B-4274-A909-33DB6145E080}.Release|x64.Build.0 = Release|Any CPU
		{32017C93-7B6B-4274-A909-33DB6145E080}.Release|x86.ActiveCfg = Release|Any CPU
		{32017C93-7B6B-4274-A909-33DB6145E080}.Release|x86.Build.0 = Release|Any CPU
		{FEF5D7F9-5E94-460E-8CE8-263353981969}.Ad-Hoc|Any CPU.ActiveCfg = Release|x86
		{FEF5D7F9-5E94-460E-8CE8-263353981969}.Ad-Hoc|Any CPU.Build.0 = Release|x86
		{FEF5D7F9-5E94-460E-8CE8-263353981969}.Ad-Hoc|Any CPU.Deploy.0 = Release|x86
		{FEF5D7F9-5E94-460E-8CE8-263353981969}.Ad-Hoc|ARM.ActiveCfg = Release|ARM
		{FEF5D7F9-5E94-460E-8CE8-263353981969}.Ad-Hoc|ARM.Build.0 = Release|ARM
		{FEF5D7F9-5E94-460E-8CE8-263353981969}.Ad-Hoc|ARM.Deploy.0 = Release|ARM
		{FEF5D7F9-5E94-460E-8CE8-263353981969}.Ad-Hoc|iPhone.ActiveCfg = Release|x86
		{FEF5D7F9-5E94-460E-8CE8-263353981969}.Ad-Hoc|iPhone.Build.0 = Release|x86
		{FEF5D7F9-5E94-460E-8CE8-263353981969}.Ad-Hoc|iPhone.Deploy.0 = Release|x86
		{FEF5D7F9-5E94-460E-8CE8-263353981969}.Ad-Hoc|iPhoneSimulator.ActiveCfg = Release|x86
		{FEF5D7F9-5E94-460E-8CE8-263353981969}.Ad-Hoc|iPhoneSimulator.Build.0 = Release|x86
		{FEF5D7F9-5E94-460E-8CE8-263353981969}.Ad-Hoc|iPhoneSimulator.Deploy.0 = Release|x86
		{FEF5D7F9-5E94-460E-8CE8-263353981969}.Ad-Hoc|x64.ActiveCfg = Release|x64
		{FEF5D7F9-5E94-460E-8CE8-263353981969}.Ad-Hoc|x64.Build.0 = Release|x64
		{FEF5D7F9-5E94-460E-8CE8-263353981969}.Ad-Hoc|x64.Deploy.0 = Release|x64
		{FEF5D7F9-5E94-460E-8CE8-263353981969}.Ad-Hoc|x86.ActiveCfg = Release|x86
		{FEF5D7F9-5E94-460E-8CE8-263353981969}.Ad-Hoc|x86.Build.0 = Release|x86
		{FEF5D7F9-5E94-460E-8CE8-263353981969}.Ad-Hoc|x86.Deploy.0 = Release|x86
		{FEF5D7F9-5E94-460E-8CE8-263353981969}.AppStore|Any CPU.ActiveCfg = Release|x86
		{FEF5D7F9-5E94-460E-8CE8-263353981969}.AppStore|Any CPU.Build.0 = Release|x86
		{FEF5D7F9-5E94-460E-8CE8-263353981969}.AppStore|Any CPU.Deploy.0 = Release|x86
		{FEF5D7F9-5E94-460E-8CE8-263353981969}.AppStore|ARM.ActiveCfg = Release|ARM
		{FEF5D7F9-5E94-460E-8CE8-263353981969}.AppStore|ARM.Build.0 = Release|ARM
		{FEF5D7F9-5E94-460E-8CE8-263353981969}.AppStore|ARM.Deploy.0 = Release|ARM
		{FEF5D7F9-5E94-460E-8CE8-263353981969}.AppStore|iPhone.ActiveCfg = Release|x86
		{FEF5D7F9-5E94-460E-8CE8-263353981969}.AppStore|iPhone.Build.0 = Release|x86
		{FEF5D7F9-5E94-460E-8CE8-263353981969}.AppStore|iPhone.Deploy.0 = Release|x86
		{FEF5D7F9-5E94-460E-8CE8-263353981969}.AppStore|iPhoneSimulator.ActiveCfg = Release|x86
		{FEF5D7F9-5E94-460E-8CE8-263353981969}.AppStore|iPhoneSimulator.Build.0 = Release|x86
		{FEF5D7F9-5E94-460E-8CE8-263353981969}.AppStore|iPhoneSimulator.Deploy.0 = Release|x86
		{FEF5D7F9-5E94-460E-8CE8-263353981969}.AppStore|x64.ActiveCfg = Release|x64
		{FEF5D7F9-5E94-460E-8CE8-263353981969}.AppStore|x64.Build.0 = Release|x64
		{FEF5D7F9-5E94-460E-8CE8-263353981969}.AppStore|x64.Deploy.0 = Release|x64
		{FEF5D7F9-5E94-460E-8CE8-263353981969}.AppStore|x86.ActiveCfg = Release|x86
		{FEF5D7F9-5E94-460E-8CE8-263353981969}.AppStore|x86.Build.0 = Release|x86
		{FEF5D7F9-5E94-460E-8CE8-263353981969}.AppStore|x86.Deploy.0 = Release|x86
		{FEF5D7F9-5E94-460E-8CE8-263353981969}.Debug|Any CPU.ActiveCfg = Debug|x86
		{FEF5D7F9-5E94-460E-8CE8-263353981969}.Debug|ARM.ActiveCfg = Debug|ARM
		{FEF5D7F9-5E94-460E-8CE8-263353981969}.Debug|ARM.Build.0 = Debug|ARM
		{FEF5D7F9-5E94-460E-8CE8-263353981969}.Debug|ARM.Deploy.0 = Debug|ARM
		{FEF5D7F9-5E94-460E-8CE8-263353981969}.Debug|iPhone.ActiveCfg = Debug|x86
		{FEF5D7F9-5E94-460E-8CE8-263353981969}.Debug|iPhoneSimulator.ActiveCfg = Debug|x86
		{FEF5D7F9-5E94-460E-8CE8-263353981969}.Debug|x64.ActiveCfg = Debug|x64
		{FEF5D7F9-5E94-460E-8CE8-263353981969}.Debug|x64.Build.0 = Debug|x64
		{FEF5D7F9-5E94-460E-8CE8-263353981969}.Debug|x64.Deploy.0 = Debug|x64
		{FEF5D7F9-5E94-460E-8CE8-263353981969}.Debug|x86.ActiveCfg = Debug|x86
		{FEF5D7F9-5E94-460E-8CE8-263353981969}.Debug|x86.Build.0 = Debug|x86
		{FEF5D7F9-5E94-460E-8CE8-263353981969}.Debug|x86.Deploy.0 = Debug|x86
		{FEF5D7F9-5E94-460E-8CE8-263353981969}.Release|Any CPU.ActiveCfg = Release|x86
		{FEF5D7F9-5E94-460E-8CE8-263353981969}.Release|ARM.ActiveCfg = Release|ARM
		{FEF5D7F9-5E94-460E-8CE8-263353981969}.Release|ARM.Build.0 = Release|ARM
		{FEF5D7F9-5E94-460E-8CE8-263353981969}.Release|ARM.Deploy.0 = Release|ARM
		{FEF5D7F9-5E94-460E-8CE8-263353981969}.Release|iPhone.ActiveCfg = Release|x86
		{FEF5D7F9-5E94-460E-8CE8-263353981969}.Release|iPhoneSimulator.ActiveCfg = Release|x86
		{FEF5D7F9-5E94-460E-8CE8-263353981969}.Release|x64.ActiveCfg = Release|x64
		{FEF5D7F9-5E94-460E-8CE8-263353981969}.Release|x64.Build.0 = Release|x64
		{FEF5D7F9-5E94-460E-8CE8-263353981969}.Release|x64.Deploy.0 = Release|x64
		{FEF5D7F9-5E94-460E-8CE8-263353981969}.Release|x86.ActiveCfg = Release|x86
		{FEF5D7F9-5E94-460E-8CE8-263353981969}.Release|x86.Build.0 = Release|x86
		{FEF5D7F9-5E94-460E-8CE8-263353981969}.Release|x86.Deploy.0 = Release|x86
		{8B838C15-A5FA-4DF2-BD36-5EF8338A5343}.Ad-Hoc|Any CPU.ActiveCfg = Ad-Hoc|iPhone
		{8B838C15-A5FA-4DF2-BD36-5EF8338A5343}.Ad-Hoc|ARM.ActiveCfg = Ad-Hoc|iPhone
		{8B838C15-A5FA-4DF2-BD36-5EF8338A5343}.Ad-Hoc|iPhone.ActiveCfg = Ad-Hoc|iPhone
		{8B838C15-A5FA-4DF2-BD36-5EF8338A5343}.Ad-Hoc|iPhone.Build.0 = Ad-Hoc|iPhone
		{8B838C15-A5FA-4DF2-BD36-5EF8338A5343}.Ad-Hoc|iPhoneSimulator.ActiveCfg = Ad-Hoc|iPhoneSimulator
		{8B838C15-A5FA-4DF2-BD36-5EF8338A5343}.Ad-Hoc|iPhoneSimulator.Build.0 = Ad-Hoc|iPhoneSimulator
		{8B838C15-A5FA-4DF2-BD36-5EF8338A5343}.Ad-Hoc|x64.ActiveCfg = Ad-Hoc|iPhone
		{8B838C15-A5FA-4DF2-BD36-5EF8338A5343}.Ad-Hoc|x86.ActiveCfg = Ad-Hoc|iPhone
		{8B838C15-A5FA-4DF2-BD36-5EF8338A5343}.AppStore|Any CPU.ActiveCfg = AppStore|iPhone
		{8B838C15-A5FA-4DF2-BD36-5EF8338A5343}.AppStore|ARM.ActiveCfg = AppStore|iPhone
		{8B838C15-A5FA-4DF2-BD36-5EF8338A5343}.AppStore|iPhone.ActiveCfg = AppStore|iPhone
		{8B838C15-A5FA-4DF2-BD36-5EF8338A5343}.AppStore|iPhone.Build.0 = AppStore|iPhone
		{8B838C15-A5FA-4DF2-BD36-5EF8338A5343}.AppStore|iPhoneSimulator.ActiveCfg = AppStore|iPhoneSimulator
		{8B838C15-A5FA-4DF2-BD36-5EF8338A5343}.AppStore|iPhoneSimulator.Build.0 = AppStore|iPhoneSimulator
		{8B838C15-A5FA-4DF2-BD36-5EF8338A5343}.AppStore|x64.ActiveCfg = AppStore|iPhone
		{8B838C15-A5FA-4DF2-BD36-5EF8338A5343}.AppStore|x86.ActiveCfg = AppStore|iPhone
		{8B838C15-A5FA-4DF2-BD36-5EF8338A5343}.Debug|Any CPU.ActiveCfg = Debug|iPhone
		{8B838C15-A5FA-4DF2-BD36-5EF8338A5343}.Debug|ARM.ActiveCfg = Debug|iPhone
		{8B838C15-A5FA-4DF2-BD36-5EF8338A5343}.Debug|iPhone.ActiveCfg = Debug|iPhone
		{8B838C15-A5FA-4DF2-BD36-5EF8338A5343}.Debug|iPhone.Build.0 = Debug|iPhone
		{8B838C15-A5FA-4DF2-BD36-5EF8338A5343}.Debug|iPhoneSimulator.ActiveCfg = Debug|iPhoneSimulator
		{8B838C15-A5FA-4DF2-BD36-5EF8338A5343}.Debug|iPhoneSimulator.Build.0 = Debug|iPhoneSimulator
		{8B838C15-A5FA-4DF2-BD36-5EF8338A5343}.Debug|x64.ActiveCfg = Debug|iPhone
		{8B838C15-A5FA-4DF2-BD36-5EF8338A5343}.Debug|x86.ActiveCfg = Debug|iPhone
		{8B838C15-A5FA-4DF2-BD36-5EF8338A5343}.Release|Any CPU.ActiveCfg = Release|iPhone
		{8B838C15-A5FA-4DF2-BD36-5EF8338A5343}.Release|ARM.ActiveCfg = Release|iPhone
		{8B838C15-A5FA-4DF2-BD36-5EF8338A5343}.Release|iPhone.ActiveCfg = Release|iPhone
		{8B838C15-A5FA-4DF2-BD36-5EF8338A5343}.Release|iPhone.Build.0 = Release|iPhone
		{8B838C15-A5FA-4DF2-BD36-5EF8338A5343}.Release|iPhoneSimulator.ActiveCfg = Release|iPhoneSimulator
		{8B838C15-A5FA-4DF2-BD36-5EF8338A5343}.Release|iPhoneSimulator.Build.0 = Release|iPhoneSimulator
		{8B838C15-A5FA-4DF2-BD36-5EF8338A5343}.Release|x64.ActiveCfg = Release|iPhone
		{8B838C15-A5FA-4DF2-BD36-5EF8338A5343}.Release|x86.ActiveCfg = Release|iPhone
	EndGlobalSection
	GlobalSection(SolutionProperties) = preSolution
		HideSolutionNode = FALSE
	EndGlobalSection
EndGlobal
